
Microsoft Visual Studio Solution File, Format Version 12.00
# Visual Studio Version 17
VisualStudioVersion = 17.5.001.0
MinimumVisualStudioVersion = 10.0.40219.1
Project("{9A19103F-16F7-4668-BE54-9A1E7A4F7556}") = "ExampleService_WebApi", "ExampleService_WebApi.csproj", "{F21BF46D-CBDC-4E3C-9275-5BD7E5F670FF}"
EndProject
Global
	GlobalSection(SolutionConfigurationPlatforms) = preSolution
		Debug|Any CPU = Debug|Any CPU
		Release|Any CPU = Release|Any CPU
	EndGlobalSection
	GlobalSection(ProjectConfigurationPlatforms) = postSolution
		{F21BF46D-CBDC-4E3C-9275-5BD7E5F670FF}.Debug|Any CPU.ActiveCfg = Debug|Any CPU
		{F21BF46D-CBDC-4E3C-9275-5BD7E5F670FF}.Debug|Any CPU.Build.0 = Debug|Any CPU
		{F21BF46D-CBDC-4E3C-9275-5BD7E5F670FF}.Release|Any CPU.ActiveCfg = Release|Any CPU
		{F21BF46D-CBDC-4E3C-9275-5BD7E5F670FF}.Release|Any CPU.Build.0 = Release|Any CPU
	EndGlobalSection
	GlobalSection(SolutionProperties) = preSolution
		HideSolutionNode = FALSE
	EndGlobalSection
	GlobalSection(ExtensibilityGlobals) = postSolution
		SolutionGuid = {86ECB2AF-047D-4B74-9E77-36C6CBE72206}
	EndGlobalSection
EndGlobal
